
Microsoft Visual Studio Solution File, Format Version 12.00
# Visual Studio Version 17
VisualStudioVersion = 17.0.31903.59
MinimumVisualStudioVersion = 10.0.40219.1
Project("{FAE04EC0-301F-11D3-BF4B-00C04F79EFBC}") = "LAB_2", "LAB_2\LAB_2.csproj", "{1F751AD0-C8DF-4BDE-8342-F3A280602081}"
EndProject
Project("{FAE04EC0-301F-11D3-BF4B-00C04F79EFBC}") = "LAB_3", "LAB_3\LAB_3.csproj", "{DE030012-A6C7-4C2D-BE1C-F9331AE5DBFB}"
EndProject
Project("{FAE04EC0-301F-11D3-BF4B-00C04F79EFBC}") = "LAB_1", "LAB_1\LAB_1.csproj", "{0EF45CBC-8B5F-43C5-98B8-037AD6C165B9}"
EndProject
Project("{FAE04EC0-301F-11D3-BF4B-00C04F79EFBC}") = "LAB_4", "LAB_4\LAB_4.csproj", "{675CC10B-A362-49A6-BF27-AD233FF8E5E1}"
EndProject
Project("{FAE04EC0-301F-11D3-BF4B-00C04F79EFBC}") = "LAB_6", "LAB_6\LAB_6.csproj", "{C3ACD42D-EEF8-4B5F-ABE1-E5FCFA9F10D8}"
EndProject
Project("{FAE04EC0-301F-11D3-BF4B-00C04F79EFBC}") = "LAB_5", "LAB_5\LAB_5.csproj", "{07E854FA-91DF-434F-973D-49B76570E140}"
EndProject
Project("{FAE04EC0-301F-11D3-BF4B-00C04F79EFBC}") = "LAB_7", "LAB_7\LAB_7.csproj", "{224E033E-34F9-4E15-8202-578FABAD323E}"
EndProject
Project("{FAE04EC0-301F-11D3-BF4B-00C04F79EFBC}") = "LAB_8", "LAB_8\LAB_8.csproj", "{7FF8A2D0-462E-4DB1-8389-ECF25CBDF6F8}"
EndProject
Project("{FAE04EC0-301F-11D3-BF4B-00C04F79EFBC}") = "LAB_9", "LAB_9\LAB_9.csproj", "{A3BFB6F9-3FB2-4F2C-A89D-37BDF5723120}"
EndProject
Project("{FAE04EC0-301F-11D3-BF4B-00C04F79EFBC}") = "LAB_10", "LAB_10\LAB_10.csproj", "{601837CB-A270-48A5-9D45-C0D2139A5EDB}"
EndProject
Project("{FAE04EC0-301F-11D3-BF4B-00C04F79EFBC}") = "LAB_11", "LAB_11\LAB_11.csproj", "{1D3DB42C-8070-473E-B979-241BF190711B}"
EndProject
Project("{FAE04EC0-301F-11D3-BF4B-00C04F79EFBC}") = "LAB_12", "LAB_12\LAB_12.csproj", "{35823D43-B6B5-4F2B-B5AF-ABCF88B492AF}"
EndProject
Project("{FAE04EC0-301F-11D3-BF4B-00C04F79EFBC}") = "LAB_13", "LAB_13\LAB_13.csproj", "{F9D1104B-D669-4504-9984-1DD760696D52}"
EndProject
Project("{FAE04EC0-301F-11D3-BF4B-00C04F79EFBC}") = "LAB_14", "LAB_14\LAB_14.csproj", "{A3706D46-F650-4474-894C-0C4DBA134F2C}"
EndProject
Project("{FAE04EC0-301F-11D3-BF4B-00C04F79EFBC}") = "LAB_15_16", "LAB_15_16\LAB_15_16.csproj", "{C1914557-A2C2-4E63-86A2-39FD26BBC4DF}"
EndProject
Project("{FAE04EC0-301F-11D3-BF4B-00C04F79EFBC}") = "LAB_17", "LAB_17\LAB_17.csproj", "{C5578E89-56C7-4EEF-B386-3A428B5FFC30}"
EndProject
Project("{FAE04EC0-301F-11D3-BF4B-00C04F79EFBC}") = "LAB_18", "LAB_18\LAB_18.csproj", "{85093B4E-C8DE-4BD0-8DC9-E59D1AA0817B}"
EndProject
Global
	GlobalSection(SolutionConfigurationPlatforms) = preSolution
		Debug|Any CPU = Debug|Any CPU
		Release|Any CPU = Release|Any CPU
	EndGlobalSection
	GlobalSection(ProjectConfigurationPlatforms) = postSolution
		{1F751AD0-C8DF-4BDE-8342-F3A280602081}.Debug|Any CPU.ActiveCfg = Debug|Any CPU
		{1F751AD0-C8DF-4BDE-8342-F3A280602081}.Debug|Any CPU.Build.0 = Debug|Any CPU
		{1F751AD0-C8DF-4BDE-8342-F3A280602081}.Release|Any CPU.ActiveCfg = Release|Any CPU
		{1F751AD0-C8DF-4BDE-8342-F3A280602081}.Release|Any CPU.Build.0 = Release|Any CPU
		{DE030012-A6C7-4C2D-BE1C-F9331AE5DBFB}.Debug|Any CPU.ActiveCfg = Debug|Any CPU
		{DE030012-A6C7-4C2D-BE1C-F9331AE5DBFB}.Debug|Any CPU.Build.0 = Debug|Any CPU
		{DE030012-A6C7-4C2D-BE1C-F9331AE5DBFB}.Release|Any CPU.ActiveCfg = Release|Any CPU
		{DE030012-A6C7-4C2D-BE1C-F9331AE5DBFB}.Release|Any CPU.Build.0 = Release|Any CPU
		{0EF45CBC-8B5F-43C5-98B8-037AD6C165B9}.Debug|Any CPU.ActiveCfg = Debug|Any CPU
		{0EF45CBC-8B5F-43C5-98B8-037AD6C165B9}.Debug|Any CPU.Build.0 = Debug|Any CPU
		{0EF45CBC-8B5F-43C5-98B8-037AD6C165B9}.Release|Any CPU.ActiveCfg = Release|Any CPU
		{0EF45CBC-8B5F-43C5-98B8-037AD6C165B9}.Release|Any CPU.Build.0 = Release|Any CPU
		{675CC10B-A362-49A6-BF27-AD233FF8E5E1}.Debug|Any CPU.ActiveCfg = Debug|Any CPU
		{675CC10B-A362-49A6-BF27-AD233FF8E5E1}.Debug|Any CPU.Build.0 = Debug|Any CPU
		{675CC10B-A362-49A6-BF27-AD233FF8E5E1}.Release|Any CPU.ActiveCfg = Release|Any CPU
		{675CC10B-A362-49A6-BF27-AD233FF8E5E1}.Release|Any CPU.Build.0 = Release|Any CPU
		{C3ACD42D-EEF8-4B5F-ABE1-E5FCFA9F10D8}.Debug|Any CPU.ActiveCfg = Debug|Any CPU
		{C3ACD42D-EEF8-4B5F-ABE1-E5FCFA9F10D8}.Debug|Any CPU.Build.0 = Debug|Any CPU
		{C3ACD42D-EEF8-4B5F-ABE1-E5FCFA9F10D8}.Release|Any CPU.ActiveCfg = Release|Any CPU
		{C3ACD42D-EEF8-4B5F-ABE1-E5FCFA9F10D8}.Release|Any CPU.Build.0 = Release|Any CPU
		{07E854FA-91DF-434F-973D-49B76570E140}.Debug|Any CPU.ActiveCfg = Debug|Any CPU
		{07E854FA-91DF-434F-973D-49B76570E140}.Debug|Any CPU.Build.0 = Debug|Any CPU
		{07E854FA-91DF-434F-973D-49B76570E140}.Release|Any CPU.ActiveCfg = Release|Any CPU
		{07E854FA-91DF-434F-973D-49B76570E140}.Release|Any CPU.Build.0 = Release|Any CPU
		{224E033E-34F9-4E15-8202-578FABAD323E}.Debug|Any CPU.ActiveCfg = Debug|Any CPU
		{224E033E-34F9-4E15-8202-578FABAD323E}.Debug|Any CPU.Build.0 = Debug|Any CPU
		{224E033E-34F9-4E15-8202-578FABAD323E}.Release|Any CPU.ActiveCfg = Release|Any CPU
		{224E033E-34F9-4E15-8202-578FABAD323E}.Release|Any CPU.Build.0 = Release|Any CPU
		{7FF8A2D0-462E-4DB1-8389-ECF25CBDF6F8}.Debug|Any CPU.ActiveCfg = Debug|Any CPU
		{7FF8A2D0-462E-4DB1-8389-ECF25CBDF6F8}.Debug|Any CPU.Build.0 = Debug|Any CPU
		{7FF8A2D0-462E-4DB1-8389-ECF25CBDF6F8}.Release|Any CPU.ActiveCfg = Release|Any CPU
		{7FF8A2D0-462E-4DB1-8389-ECF25CBDF6F8}.Release|Any CPU.Build.0 = Release|Any CPU
		{A3BFB6F9-3FB2-4F2C-A89D-37BDF5723120}.Debug|Any CPU.ActiveCfg = Debug|Any CPU
		{A3BFB6F9-3FB2-4F2C-A89D-37BDF5723120}.Debug|Any CPU.Build.0 = Debug|Any CPU
		{A3BFB6F9-3FB2-4F2C-A89D-37BDF5723120}.Release|Any CPU.ActiveCfg = Release|Any CPU
		{A3BFB6F9-3FB2-4F2C-A89D-37BDF5723120}.Release|Any CPU.Build.0 = Release|Any CPU
		{601837CB-A270-48A5-9D45-C0D2139A5EDB}.Debug|Any CPU.ActiveCfg = Debug|Any CPU
		{601837CB-A270-48A5-9D45-C0D2139A5EDB}.Debug|Any CPU.Build.0 = Debug|Any CPU
		{601837CB-A270-48A5-9D45-C0D2139A5EDB}.Release|Any CPU.ActiveCfg = Release|Any CPU
		{601837CB-A270-48A5-9D45-C0D2139A5EDB}.Release|Any CPU.Build.0 = Release|Any CPU
		{1D3DB42C-8070-473E-B979-241BF190711B}.Debug|Any CPU.ActiveCfg = Debug|Any CPU
		{1D3DB42C-8070-473E-B979-241BF190711B}.Debug|Any CPU.Build.0 = Debug|Any CPU
		{1D3DB42C-8070-473E-B979-241BF190711B}.Release|Any CPU.ActiveCfg = Release|Any CPU
		{1D3DB42C-8070-473E-B979-241BF190711B}.Release|Any CPU.Build.0 = Release|Any CPU
		{35823D43-B6B5-4F2B-B5AF-ABCF88B492AF}.Debug|Any CPU.ActiveCfg = Debug|Any CPU
		{35823D43-B6B5-4F2B-B5AF-ABCF88B492AF}.Debug|Any CPU.Build.0 = Debug|Any CPU
		{35823D43-B6B5-4F2B-B5AF-ABCF88B492AF}.Release|Any CPU.ActiveCfg = Release|Any CPU
		{35823D43-B6B5-4F2B-B5AF-ABCF88B492AF}.Release|Any CPU.Build.0 = Release|Any CPU
		{F9D1104B-D669-4504-9984-1DD760696D52}.Debug|Any CPU.ActiveCfg = Debug|Any CPU
		{F9D1104B-D669-4504-9984-1DD760696D52}.Debug|Any CPU.Build.0 = Debug|Any CPU
		{F9D1104B-D669-4504-9984-1DD760696D52}.Release|Any CPU.ActiveCfg = Release|Any CPU
		{F9D1104B-D669-4504-9984-1DD760696D52}.Release|Any CPU.Build.0 = Release|Any CPU
		{A3706D46-F650-4474-894C-0C4DBA134F2C}.Debug|Any CPU.ActiveCfg = Debug|Any CPU
		{A3706D46-F650-4474-894C-0C4DBA134F2C}.Debug|Any CPU.Build.0 = Debug|Any CPU
		{A3706D46-F650-4474-894C-0C4DBA134F2C}.Release|Any CPU.ActiveCfg = Release|Any CPU
		{A3706D46-F650-4474-894C-0C4DBA134F2C}.Release|Any CPU.Build.0 = Release|Any CPU
		{C1914557-A2C2-4E63-86A2-39FD26BBC4DF}.Debug|Any CPU.ActiveCfg = Debug|Any CPU
		{C1914557-A2C2-4E63-86A2-39FD26BBC4DF}.Debug|Any CPU.Build.0 = Debug|Any CPU
		{C1914557-A2C2-4E63-86A2-39FD26BBC4DF}.Release|Any CPU.ActiveCfg = Release|Any CPU
		{C1914557-A2C2-4E63-86A2-39FD26BBC4DF}.Release|Any CPU.Build.0 = Release|Any CPU
		{C5578E89-56C7-4EEF-B386-3A428B5FFC30}.Debug|Any CPU.ActiveCfg = Debug|Any CPU
		{C5578E89-56C7-4EEF-B386-3A428B5FFC30}.Debug|Any CPU.Build.0 = Debug|Any CPU
		{C5578E89-56C7-4EEF-B386-3A428B5FFC30}.Release|Any CPU.ActiveCfg = Release|Any CPU
		{C5578E89-56C7-4EEF-B386-3A428B5FFC30}.Release|Any CPU.Build.0 = Release|Any CPU
		{85093B4E-C8DE-4BD0-8DC9-E59D1AA0817B}.Debug|Any CPU.ActiveCfg = Debug|Any CPU
		{85093B4E-C8DE-4BD0-8DC9-E59D1AA0817B}.Debug|Any CPU.Build.0 = Debug|Any CPU
		{85093B4E-C8DE-4BD0-8DC9-E59D1AA0817B}.Release|Any CPU.ActiveCfg = Release|Any CPU
		{85093B4E-C8DE-4BD0-8DC9-E59D1AA0817B}.Release|Any CPU.Build.0 = Release|Any CPU
	EndGlobalSection
	GlobalSection(SolutionProperties) = preSolution
		HideSolutionNode = FALSE
	EndGlobalSection
EndGlobal
